
Microsoft Visual Studio Solution File, Format Version 12.00
# Visual Studio Version 17
VisualStudioVersion = 17.6.33723.286
MinimumVisualStudioVersion = 10.0.40219.1
Project("{9A19103F-16F7-4668-BE54-9A1E7A4F7556}") = "Asilo", "Asilo\Asilo.csproj", "{84624F45-05E1-4383-BCC6-D9F919CBCC96}"
EndProject
Global
	GlobalSection(SolutionConfigurationPlatforms) = preSolution
		Debug|Any CPU = Debug|Any CPU
		Release|Any CPU = Release|Any CPU
	EndGlobalSection
	GlobalSection(ProjectConfigurationPlatforms) = postSolution
		{84624F45-05E1-4383-BCC6-D9F919CBCC96}.Debug|Any CPU.ActiveCfg = Debug|Any CPU
		{84624F45-05E1-4383-BCC6-D9F919CBCC96}.Debug|Any CPU.Build.0 = Debug|Any CPU
		{84624F45-05E1-4383-BCC6-D9F919CBCC96}.Release|Any CPU.ActiveCfg = Release|Any CPU
		{84624F45-05E1-4383-BCC6-D9F919CBCC96}.Release|Any CPU.Build.0 = Release|Any CPU
	EndGlobalSection
	GlobalSection(SolutionProperties) = preSolution
		HideSolutionNode = FALSE
	EndGlobalSection
	GlobalSection(ExtensibilityGlobals) = postSolution
		SolutionGuid = {0AF7E699-F329-429B-8ECC-4781EF5EADC7}
	EndGlobalSection
EndGlobal
